
Microsoft Visual Studio Solution File, Format Version 12.00
# Visual Studio 15
Project("{FAE04EC0-301F-11D3-BF4B-00C04F79EFBC}") = "Correios.Android", "Correios.Android\Correios.Android.csproj", "{56BAD194-09D5-462C-A167-0C5DF13FA5D2}"
EndProject
Project("{FAE04EC0-301F-11D3-BF4B-00C04F79EFBC}") = "Correios.iOS", "Correios.iOS\Correios.iOS.csproj", "{ABE22242-7CED-47A6-8C67-3B6A1E64D3E5}"
EndProject
Project("{FAE04EC0-301F-11D3-BF4B-00C04F79EFBC}") = "Correios", "Correios\Correios.csproj", "{A0B6960A-FBA2-43CE-B779-E9F84E6B8E79}"
EndProject
Global
	GlobalSection(SolutionConfigurationPlatforms) = preSolution
		Debug|Any CPU = Debug|Any CPU
		Release|Any CPU = Release|Any CPU
		Debug|iPhoneSimulator = Debug|iPhoneSimulator
		Release|iPhoneSimulator = Release|iPhoneSimulator
		Debug|iPhone = Debug|iPhone
		Release|iPhone = Release|iPhone
		Ad-Hoc|iPhone = Ad-Hoc|iPhone
		AppStore|iPhone = AppStore|iPhone
	EndGlobalSection
	GlobalSection(ProjectConfigurationPlatforms) = postSolution
		{56BAD194-09D5-462C-A167-0C5DF13FA5D2}.Debug|Any CPU.ActiveCfg = Debug|Any CPU
		{56BAD194-09D5-462C-A167-0C5DF13FA5D2}.Debug|Any CPU.Build.0 = Debug|Any CPU
		{56BAD194-09D5-462C-A167-0C5DF13FA5D2}.Release|Any CPU.ActiveCfg = Release|Any CPU
		{56BAD194-09D5-462C-A167-0C5DF13FA5D2}.Release|Any CPU.Build.0 = Release|Any CPU
		{56BAD194-09D5-462C-A167-0C5DF13FA5D2}.Debug|iPhoneSimulator.ActiveCfg = Debug|Any CPU
		{56BAD194-09D5-462C-A167-0C5DF13FA5D2}.Debug|iPhoneSimulator.Build.0 = Debug|Any CPU
		{56BAD194-09D5-462C-A167-0C5DF13FA5D2}.Release|iPhoneSimulator.ActiveCfg = Release|Any CPU
		{56BAD194-09D5-462C-A167-0C5DF13FA5D2}.Release|iPhoneSimulator.Build.0 = Release|Any CPU
		{56BAD194-09D5-462C-A167-0C5DF13FA5D2}.Debug|iPhone.ActiveCfg = Debug|Any CPU
		{56BAD194-09D5-462C-A167-0C5DF13FA5D2}.Debug|iPhone.Build.0 = Debug|Any CPU
		{56BAD194-09D5-462C-A167-0C5DF13FA5D2}.Release|iPhone.ActiveCfg = Release|Any CPU
		{56BAD194-09D5-462C-A167-0C5DF13FA5D2}.Release|iPhone.Build.0 = Release|Any CPU
		{56BAD194-09D5-462C-A167-0C5DF13FA5D2}.Ad-Hoc|iPhone.ActiveCfg = Debug|Any CPU
		{56BAD194-09D5-462C-A167-0C5DF13FA5D2}.Ad-Hoc|iPhone.Build.0 = Debug|Any CPU
		{56BAD194-09D5-462C-A167-0C5DF13FA5D2}.AppStore|iPhone.ActiveCfg = Debug|Any CPU
		{56BAD194-09D5-462C-A167-0C5DF13FA5D2}.AppStore|iPhone.Build.0 = Debug|Any CPU
		{ABE22242-7CED-47A6-8C67-3B6A1E64D3E5}.Debug|Any CPU.ActiveCfg = Debug|iPhoneSimulator
		{ABE22242-7CED-47A6-8C67-3B6A1E64D3E5}.Debug|Any CPU.Build.0 = Debug|iPhoneSimulator
		{ABE22242-7CED-47A6-8C67-3B6A1E64D3E5}.Release|Any CPU.ActiveCfg = Release|iPhoneSimulator
		{ABE22242-7CED-47A6-8C67-3B6A1E64D3E5}.Release|Any CPU.Build.0 = Release|iPhoneSimulator
		{ABE22242-7CED-47A6-8C67-3B6A1E64D3E5}.Debug|iPhoneSimulator.ActiveCfg = Debug|iPhoneSimulator
		{ABE22242-7CED-47A6-8C67-3B6A1E64D3E5}.Debug|iPhoneSimulator.Build.0 = Debug|iPhoneSimulator
		{ABE22242-7CED-47A6-8C67-3B6A1E64D3E5}.Release|iPhoneSimulator.ActiveCfg = Release|iPhoneSimulator
		{ABE22242-7CED-47A6-8C67-3B6A1E64D3E5}.Release|iPhoneSimulator.Build.0 = Release|iPhoneSimulator
		{ABE22242-7CED-47A6-8C67-3B6A1E64D3E5}.Debug|iPhone.ActiveCfg = Debug|iPhone
		{ABE22242-7CED-47A6-8C67-3B6A1E64D3E5}.Debug|iPhone.Build.0 = Debug|iPhone
		{ABE22242-7CED-47A6-8C67-3B6A1E64D3E5}.Release|iPhone.ActiveCfg = Release|iPhone
		{ABE22242-7CED-47A6-8C67-3B6A1E64D3E5}.Release|iPhone.Build.0 = Release|iPhone
		{ABE22242-7CED-47A6-8C67-3B6A1E64D3E5}.Ad-Hoc|iPhone.ActiveCfg = Ad-Hoc|iPhone
		{ABE22242-7CED-47A6-8C67-3B6A1E64D3E5}.Ad-Hoc|iPhone.Build.0 = Ad-Hoc|iPhone
		{ABE22242-7CED-47A6-8C67-3B6A1E64D3E5}.AppStore|iPhone.ActiveCfg = AppStore|iPhone
		{ABE22242-7CED-47A6-8C67-3B6A1E64D3E5}.AppStore|iPhone.Build.0 = AppStore|iPhone
		{A0B6960A-FBA2-43CE-B779-E9F84E6B8E79}.Debug|Any CPU.ActiveCfg = Debug|Any CPU
		{A0B6960A-FBA2-43CE-B779-E9F84E6B8E79}.Debug|Any CPU.Build.0 = Debug|Any CPU
		{A0B6960A-FBA2-43CE-B779-E9F84E6B8E79}.Release|Any CPU.ActiveCfg = Release|Any CPU
		{A0B6960A-FBA2-43CE-B779-E9F84E6B8E79}.Release|Any CPU.Build.0 = Release|Any CPU
		{A0B6960A-FBA2-43CE-B779-E9F84E6B8E79}.Debug|iPhoneSimulator.ActiveCfg = Debug|Any CPU
		{A0B6960A-FBA2-43CE-B779-E9F84E6B8E79}.Debug|iPhoneSimulator.Build.0 = Debug|Any CPU
		{A0B6960A-FBA2-43CE-B779-E9F84E6B8E79}.Release|iPhoneSimulator.ActiveCfg = Release|Any CPU
		{A0B6960A-FBA2-43CE-B779-E9F84E6B8E79}.Release|iPhoneSimulator.Build.0 = Release|Any CPU
		{A0B6960A-FBA2-43CE-B779-E9F84E6B8E79}.Debug|iPhone.ActiveCfg = Debug|Any CPU
		{A0B6960A-FBA2-43CE-B779-E9F84E6B8E79}.Debug|iPhone.Build.0 = Debug|Any CPU
		{A0B6960A-FBA2-43CE-B779-E9F84E6B8E79}.Release|iPhone.ActiveCfg = Release|Any CPU
		{A0B6960A-FBA2-43CE-B779-E9F84E6B8E79}.Release|iPhone.Build.0 = Release|Any CPU
		{A0B6960A-FBA2-43CE-B779-E9F84E6B8E79}.Ad-Hoc|iPhone.ActiveCfg = Debug|Any CPU
		{A0B6960A-FBA2-43CE-B779-E9F84E6B8E79}.Ad-Hoc|iPhone.Build.0 = Debug|Any CPU
		{A0B6960A-FBA2-43CE-B779-E9F84E6B8E79}.AppStore|iPhone.ActiveCfg = Debug|Any CPU
		{A0B6960A-FBA2-43CE-B779-E9F84E6B8E79}.AppStore|iPhone.Build.0 = Debug|Any CPU
	EndGlobalSection
EndGlobal
